# This file is automatically @generated by Poetry 1.8.4 and should not be changed by hand.

[[package]]
name = "annotated-types"
version = "0.7.0"
description = "Reusable constraint types to use with typing.Annotated"
optional = false
python-versions = ">=3.8"
files = [
    {file = "annotated_types-0.7.0-py3-none-any.whl", hash = "sha256:1f02e8b43a8fbbc3f3e0d4f0f4bfc8131bcb4eebe8849b8e5c773f3a1c582a53"},
    {file = "annotated_types-0.7.0.tar.gz", hash = "sha256:aff07c09a53a08bc8cfccb9c85b05f1aa9a2a6f23728d790723543408344ce89"},
]

[package.dependencies]
typing-extensions = {version = ">=4.0.0", markers = "python_version < \"3.9\""}

[[package]]
name = "anyio"
version = "4.5.2"
description = "High level compatibility layer for multiple asynchronous event loop implementations"
optional = false
python-versions = ">=3.8"
files = [
    {file = "anyio-4.5.2-py3-none-any.whl", hash = "sha256:c011ee36bc1e8ba40e5a81cb9df91925c218fe9b778554e0b56a21e1b5d4716f"},
    {file = "anyio-4.5.2.tar.gz", hash = "sha256:23009af4ed04ce05991845451e11ef02fc7c5ed29179ac9a420e5ad0ac7ddc5b"},
]

[package.dependencies]
exceptiongroup = {version = ">=1.0.2", markers = "python_version < \"3.11\""}
idna = ">=2.8"
sniffio = ">=1.1"
typing-extensions = {version = ">=4.1", markers = "python_version < \"3.11\""}

[package.extras]
doc = ["Sphinx (>=7.4,<8.0)", "packaging", "sphinx-autodoc-typehints (>=1.2.0)", "sphinx-rtd-theme"]
test = ["anyio[trio]", "coverage[toml] (>=7)", "exceptiongroup (>=1.2.0)", "hypothesis (>=4.0)", "psutil (>=5.9)", "pytest (>=7.0)", "pytest-mock (>=3.6.1)", "trustme", "truststore (>=0.9.1)", "uvloop (>=0.21.0b1)"]
trio = ["trio (>=0.26.1)"]

[[package]]
name = "certifi"
version = "2024.8.30"
description = "Python package for providing Mozilla's CA Bundle."
optional = false
python-versions = ">=3.6"
files = [
    {file = "certifi-2024.8.30-py3-none-any.whl", hash = "sha256:922820b53db7a7257ffbda3f597266d435245903d80737e34f8a45ff3e3230d8"},
    {file = "certifi-2024.8.30.tar.gz", hash = "sha256:bec941d2aa8195e248a60b31ff9f0558284cf01a52591ceda73ea9afffd69fd9"},
]

[[package]]
name = "colorama"
version = "0.4.6"
description = "Cross-platform colored terminal text."
optional = false
python-versions = "!=3.0.*,!=3.1.*,!=3.2.*,!=3.3.*,!=3.4.*,!=3.5.*,!=3.6.*,>=2.7"
files = [
    {file = "colorama-0.4.6-py2.py3-none-any.whl", hash = "sha256:4f1d9991f5acc0ca119f9d443620b77f9d6b33703e51011c16baf57afb285fc6"},
    {file = "colorama-0.4.6.tar.gz", hash = "sha256:08695f5cb7ed6e0531a20572697297273c47b8cae5a63ffc6d6ed5c201be6e44"},
]

[[package]]
name = "exceptiongroup"
version = "1.2.2"
description = "Backport of PEP 654 (exception groups)"
optional = false
python-versions = ">=3.7"
files = [
    {file = "exceptiongroup-1.2.2-py3-none-any.whl", hash = "sha256:3111b9d131c238bec2f8f516e123e14ba243563fb135d3fe885990585aa7795b"},
    {file = "exceptiongroup-1.2.2.tar.gz", hash = "sha256:47c2edf7c6738fafb49fd34290706d1a1a2f4d1c6df275526b62cbb4aa5393cc"},
]

[package.extras]
test = ["pytest (>=6)"]

[[package]]
name = "h11"
version = "0.14.0"
description = "A pure-Python, bring-your-own-I/O implementation of HTTP/1.1"
optional = false
python-versions = ">=3.7"
files = [
    {file = "h11-0.14.0-py3-none-any.whl", hash = "sha256:e3fe4ac4b851c468cc8363d500db52c2ead036020723024a109d37346efaa761"},
    {file = "h11-0.14.0.tar.gz", hash = "sha256:8f19fbbe99e72420ff35c00b27a34cb9937e902a8b810e2c88300c6f0a3b699d"},
]

[[package]]
name = "httpcore"
version = "1.0.7"
description = "A minimal low-level HTTP client."
optional = false
python-versions = ">=3.8"
files = [
    {file = "httpcore-1.0.7-py3-none-any.whl", hash = "sha256:a3fff8f43dc260d5bd363d9f9cf1830fa3a458b332856f34282de498ed420edd"},
    {file = "httpcore-1.0.7.tar.gz", hash = "sha256:8551cb62a169ec7162ac7be8d4817d561f60e08eaa485234898414bb5a8a0b4c"},
]

[package.dependencies]
certifi = "*"
h11 = ">=0.13,<0.15"

[package.extras]
asyncio = ["anyio (>=4.0,<5.0)"]
http2 = ["h2 (>=3,<5)"]
socks = ["socksio (==1.*)"]
trio = ["trio (>=0.22.0,<1.0)"]

[[package]]
name = "httpx"
version = "0.27.2"
description = "The next generation HTTP client."
optional = false
python-versions = ">=3.8"
files = [
    {file = "httpx-0.27.2-py3-none-any.whl", hash = "sha256:7bb2708e112d8fdd7829cd4243970f0c223274051cb35ee80c03301ee29a3df0"},
    {file = "httpx-0.27.2.tar.gz", hash = "sha256:f7c2be1d2f3c3c3160d441802406b206c2b76f5947b11115e6df10c6c65e66c2"},
]

[package.dependencies]
anyio = "*"
certifi = "*"
httpcore = "==1.*"
idna = "*"
sniffio = "*"

[package.extras]
brotli = ["brotli", "brotlicffi"]
cli = ["click (==8.*)", "pygments (==2.*)", "rich (>=10,<14)"]
http2 = ["h2 (>=3,<5)"]
socks = ["socksio (==1.*)"]
zstd = ["zstandard (>=0.18.0)"]

[[package]]
name = "idna"
version = "3.10"
description = "Internationalized Domain Names in Applications (IDNA)"
optional = false
python-versions = ">=3.6"
files = [
    {file = "idna-3.10-py3-none-any.whl", hash = "sha256:946d195a0d259cbba61165e88e65941f16e9b36ea6ddb97f00452bae8b1287d3"},
    {file = "idna-3.10.tar.gz", hash = "sha256:12f65c9b470abda6dc35cf8e63cc574b1c52b11df2c86030af0ac09b01b13ea9"},
]

[package.extras]
all = ["flake8 (>=7.1.1)", "mypy (>=1.11.2)", "pytest (>=8.3.2)", "ruff (>=0.6.2)"]

[[package]]
name = "iniconfig"
version = "2.0.0"
description = "brain-dead simple config-ini parsing"
optional = false
python-versions = ">=3.7"
files = [
    {file = "iniconfig-2.0.0-py3-none-any.whl", hash = "sha256:b6a85871a79d2e3b22d2d1b94ac2824226a63c6b741c88f7ae975f18b6778374"},
    {file = "iniconfig-2.0.0.tar.gz", hash = "sha256:2d91e135bf72d31a410b17c16da610a82cb55f6b0477d1a902134b24a455b8b3"},
]

[[package]]
name = "mypy"
version = "1.0.1"
description = "Optional static typing for Python"
optional = false
python-versions = ">=3.7"
files = [
    {file = "mypy-1.0.1-cp310-cp310-macosx_10_9_x86_64.whl", hash = "sha256:71a808334d3f41ef011faa5a5cd8153606df5fc0b56de5b2e89566c8093a0c9a"},
    {file = "mypy-1.0.1-cp310-cp310-macosx_11_0_arm64.whl", hash = "sha256:920169f0184215eef19294fa86ea49ffd4635dedfdea2b57e45cb4ee85d5ccaf"},
    {file = "mypy-1.0.1-cp310-cp310-manylinux_2_17_x86_64.manylinux2014_x86_64.whl", hash = "sha256:27a0f74a298769d9fdc8498fcb4f2beb86f0564bcdb1a37b58cbbe78e55cf8c0"},
    {file = "mypy-1.0.1-cp310-cp310-musllinux_1_1_x86_64.whl", hash = "sha256:65b122a993d9c81ea0bfde7689b3365318a88bde952e4dfa1b3a8b4ac05d168b"},
    {file = "mypy-1.0.1-cp310-cp310-win_amd64.whl", hash = "sha256:5deb252fd42a77add936b463033a59b8e48eb2eaec2976d76b6878d031933fe4"},
    {file = "mypy-1.0.1-cp311-cp311-macosx_10_9_x86_64.whl", hash = "sha256:2013226d17f20468f34feddd6aae4635a55f79626549099354ce641bc7d40262"},
    {file = "mypy-1.0.1-cp311-cp311-macosx_11_0_arm64.whl", hash = "sha256:48525aec92b47baed9b3380371ab8ab6e63a5aab317347dfe9e55e02aaad22e8"},
    {file = "mypy-1.0.1-cp311-cp311-manylinux_2_17_x86_64.manylinux2014_x86_64.whl", hash = "sha256:c96b8a0c019fe29040d520d9257d8c8f122a7343a8307bf8d6d4a43f5c5bfcc8"},
    {file = "mypy-1.0.1-cp311-cp311-musllinux_1_1_x86_64.whl", hash = "sha256:448de661536d270ce04f2d7dddaa49b2fdba6e3bd8a83212164d4174ff43aa65"},
    {file = "mypy-1.0.1-cp311-cp311-win_amd64.whl", hash = "sha256:d42a98e76070a365a1d1c220fcac8aa4ada12ae0db679cb4d910fabefc88b994"},
    {file = "mypy-1.0.1-cp37-cp37m-macosx_10_9_x86_64.whl", hash = "sha256:e64f48c6176e243ad015e995de05af7f22bbe370dbb5b32bd6988438ec873919"},
    {file = "mypy-1.0.1-cp37-cp37m-manylinux_2_17_x86_64.manylinux2014_x86_64.whl", hash = "sha256:5fdd63e4f50e3538617887e9aee91855368d9fc1dea30da743837b0df7373bc4"},
    {file = "mypy-1.0.1-cp37-cp37m-musllinux_1_1_x86_64.whl", hash = "sha256:dbeb24514c4acbc78d205f85dd0e800f34062efcc1f4a4857c57e4b4b8712bff"},
    {file = "mypy-1.0.1-cp37-cp37m-win_amd64.whl", hash = "sha256:a2948c40a7dd46c1c33765718936669dc1f628f134013b02ff5ac6c7ef6942bf"},
    {file = "mypy-1.0.1-cp38-cp38-macosx_10_9_x86_64.whl", hash = "sha256:5bc8d6bd3b274dd3846597855d96d38d947aedba18776aa998a8d46fabdaed76"},
    {file = "mypy-1.0.1-cp38-cp38-macosx_11_0_arm64.whl", hash = "sha256:17455cda53eeee0a4adb6371a21dd3dbf465897de82843751cf822605d152c8c"},
    {file = "mypy-1.0.1-cp38-cp38-manylinux_2_17_x86_64.manylinux2014_x86_64.whl", hash = "sha256:e831662208055b006eef68392a768ff83596035ffd6d846786578ba1714ba8f6"},
    {file = "mypy-1.0.1-cp38-cp38-musllinux_1_1_x86_64.whl", hash = "sha256:e60d0b09f62ae97a94605c3f73fd952395286cf3e3b9e7b97f60b01ddfbbda88"},
    {file = "mypy-1.0.1-cp38-cp38-win_amd64.whl", hash = "sha256:0af4f0e20706aadf4e6f8f8dc5ab739089146b83fd53cb4a7e0e850ef3de0bb6"},
    {file = "mypy-1.0.1-cp39-cp39-macosx_10_9_x86_64.whl", hash = "sha256:24189f23dc66f83b839bd1cce2dfc356020dfc9a8bae03978477b15be61b062e"},
    {file = "mypy-1.0.1-cp39-cp39-macosx_11_0_arm64.whl", hash = "sha256:93a85495fb13dc484251b4c1fd7a5ac370cd0d812bbfc3b39c1bafefe95275d5"},
    {file = "mypy-1.0.1-cp39-cp39-manylinux_2_17_x86_64.manylinux2014_x86_64.whl", hash = "sha256:5f546ac34093c6ce33f6278f7c88f0f147a4849386d3bf3ae193702f4fe31407"},
    {file = "mypy-1.0.1-cp39-cp39-musllinux_1_1_x86_64.whl", hash = "sha256:c6c2ccb7af7154673c591189c3687b013122c5a891bb5651eca3db8e6c6c55bd"},
    {file = "mypy-1.0.1-cp39-cp39-win_amd64.whl", hash = "sha256:15b5a824b58c7c822c51bc66308e759243c32631896743f030daf449fe3677f3"},
    {file = "mypy-1.0.1-py3-none-any.whl", hash = "sha256:eda5c8b9949ed411ff752b9a01adda31afe7eae1e53e946dbdf9db23865e66c4"},
    {file = "mypy-1.0.1.tar.gz", hash = "sha256:28cea5a6392bb43d266782983b5a4216c25544cd7d80be681a155ddcdafd152d"},
]

[package.dependencies]
mypy-extensions = ">=0.4.3"
tomli = {version = ">=1.1.0", markers = "python_version < \"3.11\""}
typing-extensions = ">=3.10"

[package.extras]
dmypy = ["psutil (>=4.0)"]
install-types = ["pip"]
python2 = ["typed-ast (>=1.4.0,<2)"]
reports = ["lxml"]

[[package]]
name = "mypy-extensions"
version = "1.0.0"
description = "Type system extensions for programs checked with the mypy type checker."
optional = false
python-versions = ">=3.5"
files = [
    {file = "mypy_extensions-1.0.0-py3-none-any.whl", hash = "sha256:4392f6c0eb8a5668a69e23d168ffa70f0be9ccfd32b5cc2d26a34ae5b844552d"},
    {file = "mypy_extensions-1.0.0.tar.gz", hash = "sha256:75dbf8955dc00442a438fc4d0666508a9a97b6bd41aa2f0ffe9d2f2725af0782"},
]

[[package]]
name = "packaging"
version = "24.2"
description = "Core utilities for Python packages"
optional = false
python-versions = ">=3.8"
files = [
    {file = "packaging-24.2-py3-none-any.whl", hash = "sha256:09abb1bccd265c01f4a3aa3f7a7db064b36514d2cba19a2f694fe6150451a759"},
    {file = "packaging-24.2.tar.gz", hash = "sha256:c228a6dc5e932d346bc5739379109d49e8853dd8223571c7c5b55260edc0b97f"},
]

[[package]]
name = "pluggy"
version = "1.5.0"
description = "plugin and hook calling mechanisms for python"
optional = false
python-versions = ">=3.8"
files = [
    {file = "pluggy-1.5.0-py3-none-any.whl", hash = "sha256:44e1ad92c8ca002de6377e165f3e0f1be63266ab4d554740532335b9d75ea669"},
    {file = "pluggy-1.5.0.tar.gz", hash = "sha256:2cffa88e94fdc978c4c574f15f9e59b7f4201d439195c3715ca9e2486f1d0cf1"},
]

[package.extras]
dev = ["pre-commit", "tox"]
testing = ["pytest", "pytest-benchmark"]

[[package]]
name = "pydantic"
version = "2.10.0"
description = "Data validation using Python type hints"
optional = false
python-versions = ">=3.8"
files = [
    {file = "pydantic-2.10.0-py3-none-any.whl", hash = "sha256:5e7807ba9201bdf61b1b58aa6eb690916c40a47acfb114b1b4fef3e7fd5b30fc"},
    {file = "pydantic-2.10.0.tar.gz", hash = "sha256:0aca0f045ff6e2f097f1fe89521115335f15049eeb8a7bef3dafe4b19a74e289"},
]

[package.dependencies]
annotated-types = ">=0.6.0"
pydantic-core = "2.27.0"
typing-extensions = ">=4.12.2"

[package.extras]
email = ["email-validator (>=2.0.0)"]
timezone = ["tzdata"]

[[package]]
name = "pydantic-core"
version = "2.27.0"
description = "Core functionality for Pydantic validation and serialization"
optional = false
python-versions = ">=3.8"
files = [
    {file = "pydantic_core-2.27.0-cp310-cp310-macosx_10_12_x86_64.whl", hash = "sha256:cd2ac6b919f7fed71b17fe0b4603c092a4c9b5bae414817c9c81d3c22d1e1bcc"},
    {file = "pydantic_core-2.27.0-cp310-cp310-macosx_11_0_arm64.whl", hash = "sha256:e015833384ca3e1a0565a79f5d953b0629d9138021c27ad37c92a9fa1af7623c"},
    {file = "pydantic_core-2.27.0-cp310-cp310-manylinux_2_17_aarch64.manylinux2014_aarch64.whl", hash = "sha256:db72e40628967f6dc572020d04b5f800d71264e0531c6da35097e73bdf38b003"},
    {file = "pydantic_core-2.27.0-cp310-cp310-manylinux_2_17_armv7l.manylinux2014_armv7l.whl", hash = "sha256:df45c4073bed486ea2f18757057953afed8dd77add7276ff01bccb79982cf46c"},
    {file = "pydantic_core-2.27.0-cp310-cp310-manylinux_2_17_ppc64le.manylinux2014_ppc64le.whl", hash = "sha256:836a4bfe0cc6d36dc9a9cc1a7b391265bf6ce9d1eb1eac62ac5139f5d8d9a6fa"},
    {file = "pydantic_core-2.27.0-cp310-cp310-manylinux_2_17_s390x.manylinux2014_s390x.whl", hash = "sha256:4bf1340ae507f6da6360b24179c2083857c8ca7644aab65807023cf35404ea8d"},
    {file = "pydantic_core-2.27.0-cp310-cp310-manylinux_2_17_x86_64.manylinux2014_x86_64.whl", hash = "sha256:5ab325fc86fbc077284c8d7f996d904d30e97904a87d6fb303dce6b3de7ebba9"},
    {file = "pydantic_core-2.27.0-cp310-cp310-manylinux_2_5_i686.manylinux1_i686.whl", hash = "sha256:1da0c98a85a6c6ed702d5556db3b09c91f9b0b78de37b7593e2de8d03238807a"},
    {file = "pydantic_core-2.27.0-cp310-cp310-musllinux_1_1_aarch64.whl", hash = "sha256:7b0202ebf2268954090209a84f9897345719e46a57c5f2c9b7b250ca0a9d3e63"},
    {file = "pydantic_core-2.27.0-cp310-cp310-musllinux_1_1_armv7l.whl", hash = "sha256:35380671c3c921fe8adf31ad349dc6f7588b7e928dbe44e1093789734f607399"},
    {file = "pydantic_core-2.27.0-cp310-cp310-musllinux_1_1_x86_64.whl", hash = "sha256:6b4c19525c3538fbc0bbda6229f9682fb8199ce9ac37395880e6952798e00373"},
    {file = "pydantic_core-2.27.0-cp310-none-win32.whl", hash = "sha256:333c840a1303d1474f491e7be0b718226c730a39ead0f7dab2c7e6a2f3855555"},
    {file = "pydantic_core-2.27.0-cp310-none-win_amd64.whl", hash = "sha256:99b2863c1365f43f74199c980a3d40f18a218fbe683dd64e470199db426c4d6a"},
    {file = "pydantic_core-2.27.0-cp311-cp311-macosx_10_12_x86_64.whl", hash = "sha256:4523c4009c3f39d948e01962223c9f5538602e7087a628479b723c939fab262d"},
    {file = "pydantic_core-2.27.0-cp311-cp311-macosx_11_0_arm64.whl", hash = "sha256:84af1cf7bfdcbc6fcf5a5f70cc9896205e0350306e4dd73d54b6a18894f79386"},
    {file = "pydantic_core-2.27.0-cp311-cp311-manylinux_2_17_aarch64.manylinux2014_aarch64.whl", hash = "sha256:e65466b31be1070b4a5b7dbfbd14b247884cb8e8b79c64fb0f36b472912dbaea"},
    {file = "pydantic_core-2.27.0-cp311-cp311-manylinux_2_17_armv7l.manylinux2014_armv7l.whl", hash = "sha256:a5c022bb0d453192426221605efc865373dde43b17822a264671c53b068ac20c"},
    {file = "pydantic_core-2.27.0-cp311-cp311-manylinux_2_17_ppc64le.manylinux2014_ppc64le.whl", hash = "sha256:6bb69bf3b6500f195c3deb69c1205ba8fc3cb21d1915f1f158a10d6b1ef29b6a"},
    {file = "pydantic_core-2.27.0-cp311-cp311-manylinux_2_17_s390x.manylinux2014_s390x.whl", hash = "sha256:0aa4d1b2eba9a325897308b3124014a142cdccb9f3e016f31d3ebee6b5ea5e75"},
    {file = "pydantic_core-2.27.0-cp311-cp311-manylinux_2_17_x86_64.manylinux2014_x86_64.whl", hash = "sha256:8e96ca781e0c01e32115912ebdf7b3fb0780ce748b80d7d28a0802fa9fbaf44e"},
    {file = "pydantic_core-2.27.0-cp311-cp311-manylinux_2_5_i686.manylinux1_i686.whl", hash = "sha256:b872c86d8d71827235c7077461c502feb2db3f87d9d6d5a9daa64287d75e4fa0"},
    {file = "pydantic_core-2.27.0-cp311-cp311-musllinux_1_1_aarch64.whl", hash = "sha256:82e1ad4ca170e8af4c928b67cff731b6296e6a0a0981b97b2eb7c275cc4e15bd"},
    {file = "pydantic_core-2.27.0-cp311-cp311-musllinux_1_1_armv7l.whl", hash = "sha256:eb40f828bc2f73f777d1eb8fee2e86cd9692a4518b63b6b5aa8af915dfd3207b"},
    {file = "pydantic_core-2.27.0-cp311-cp311-musllinux_1_1_x86_64.whl", hash = "sha256:9a8fbf506fde1529a1e3698198fe64bfbe2e0c09557bc6a7dcf872e7c01fec40"},
    {file = "pydantic_core-2.27.0-cp311-none-win32.whl", hash = "sha256:24f984fc7762ed5f806d9e8c4c77ea69fdb2afd987b4fd319ef06c87595a8c55"},
    {file = "pydantic_core-2.27.0-cp311-none-win_amd64.whl", hash = "sha256:68950bc08f9735306322bfc16a18391fcaac99ded2509e1cc41d03ccb6013cfe"},
    {file = "pydantic_core-2.27.0-cp311-none-win_arm64.whl", hash = "sha256:3eb8849445c26b41c5a474061032c53e14fe92a11a5db969f722a2716cd12206"},
    {file = "pydantic_core-2.27.0-cp312-cp312-macosx_10_12_x86_64.whl", hash = "sha256:8117839a9bdbba86e7f9df57018fe3b96cec934c3940b591b0fd3fbfb485864a"},
    {file = "pydantic_core-2.27.0-cp312-cp312-macosx_11_0_arm64.whl", hash = "sha256:a291d0b4243a259c8ea7e2b84eb9ccb76370e569298875a7c5e3e71baf49057a"},
    {file = "pydantic_core-2.27.0-cp312-cp312-manylinux_2_17_aarch64.manylinux2014_aarch64.whl", hash = "sha256:84e35afd9e10b2698e6f2f32256678cb23ca6c1568d02628033a837638b3ed12"},
    {file = "pydantic_core-2.27.0-cp312-cp312-manylinux_2_17_armv7l.manylinux2014_armv7l.whl", hash = "sha256:58ab0d979c969983cdb97374698d847a4acffb217d543e172838864636ef10d9"},
    {file = "pydantic_core-2.27.0-cp312-cp312-manylinux_2_17_ppc64le.manylinux2014_ppc64le.whl", hash = "sha256:0d06b667e53320332be2bf6f9461f4a9b78092a079b8ce8634c9afaa7e10cd9f"},
    {file = "pydantic_core-2.27.0-cp312-cp312-manylinux_2_17_s390x.manylinux2014_s390x.whl", hash = "sha256:78f841523729e43e3928a364ec46e2e3f80e6625a4f62aca5c345f3f626c6e8a"},
    {file = "pydantic_core-2.27.0-cp312-cp312-manylinux_2_17_x86_64.manylinux2014_x86_64.whl", hash = "sha256:400bf470e4327e920883b51e255617dfe4496d4e80c3fea0b5a5d0bf2c404dd4"},
    {file = "pydantic_core-2.27.0-cp312-cp312-manylinux_2_5_i686.manylinux1_i686.whl", hash = "sha256:951e71da6c89d354572098bada5ba5b5dc3a9390c933af8a614e37755d3d1840"},
    {file = "pydantic_core-2.27.0-cp312-cp312-musllinux_1_1_aarch64.whl", hash = "sha256:2a51ce96224eadd1845150b204389623c8e129fde5a67a84b972bd83a85c6c40"},
    {file = "pydantic_core-2.27.0-cp312-cp312-musllinux_1_1_armv7l.whl", hash = "sha256:483c2213a609e7db2c592bbc015da58b6c75af7360ca3c981f178110d9787bcf"},
    {file = "pydantic_core-2.27.0-cp312-cp312-musllinux_1_1_x86_64.whl", hash = "sha256:359e7951f04ad35111b5ddce184db3391442345d0ab073aa63a95eb8af25a5ef"},
    {file = "pydantic_core-2.27.0-cp312-none-win32.whl", hash = "sha256:ee7d9d5537daf6d5c74a83b38a638cc001b648096c1cae8ef695b0c919d9d379"},
    {file = "pydantic_core-2.27.0-cp312-none-win_amd64.whl", hash = "sha256:2be0ad541bb9f059954ccf8877a49ed73877f862529575ff3d54bf4223e4dd61"},
    {file = "pydantic_core-2.27.0-cp312-none-win_arm64.whl", hash = "sha256:6e19401742ed7b69e51d8e4df3c03ad5ec65a83b36244479fd70edde2828a5d9"},
    {file = "pydantic_core-2.27.0-cp313-cp313-macosx_10_12_x86_64.whl", hash = "sha256:5f2b19b8d6fca432cb3acf48cf5243a7bf512988029b6e6fd27e9e8c0a204d85"},
    {file = "pydantic_core-2.27.0-cp313-cp313-macosx_11_0_arm64.whl", hash = "sha256:c86679f443e7085ea55a7376462553996c688395d18ef3f0d3dbad7838f857a2"},
    {file = "pydantic_core-2.27.0-cp313-cp313-manylinux_2_17_aarch64.manylinux2014_aarch64.whl", hash = "sha256:510b11e9c3b1a852876d1ccd8d5903684336d635214148637ceb27366c75a467"},
    {file = "pydantic_core-2.27.0-cp313-cp313-manylinux_2_17_armv7l.manylinux2014_armv7l.whl", hash = "sha256:eb704155e73b833801c247f39d562229c0303f54770ca14fb1c053acb376cf10"},
    {file = "pydantic_core-2.27.0-cp313-cp313-manylinux_2_17_ppc64le.manylinux2014_ppc64le.whl", hash = "sha256:9ce048deb1e033e7a865ca384770bccc11d44179cf09e5193a535c4c2f497bdc"},
    {file = "pydantic_core-2.27.0-cp313-cp313-manylinux_2_17_s390x.manylinux2014_s390x.whl", hash = "sha256:58560828ee0951bb125c6f2862fbc37f039996d19ceb6d8ff1905abf7da0bf3d"},
    {file = "pydantic_core-2.27.0-cp313-cp313-manylinux_2_17_x86_64.manylinux2014_x86_64.whl", hash = "sha256:abb4785894936d7682635726613c44578c420a096729f1978cd061a7e72d5275"},
    {file = "pydantic_core-2.27.0-cp313-cp313-manylinux_2_5_i686.manylinux1_i686.whl", hash = "sha256:2883b260f7a93235488699d39cbbd94fa7b175d3a8063fbfddd3e81ad9988cb2"},
    {file = "pydantic_core-2.27.0-cp313-cp313-musllinux_1_1_aarch64.whl", hash = "sha256:c6fcb3fa3855d583aa57b94cf146f7781d5d5bc06cb95cb3afece33d31aac39b"},
    {file = "pydantic_core-2.27.0-cp313-cp313-musllinux_1_1_armv7l.whl", hash = "sha256:e851a051f7260e6d688267eb039c81f05f23a19431bd7dfa4bf5e3cb34c108cd"},
    {file = "pydantic_core-2.27.0-cp313-cp313-musllinux_1_1_x86_64.whl", hash = "sha256:edb1bfd45227dec8d50bc7c7d86463cd8728bcc574f9b07de7369880de4626a3"},
    {file = "pydantic_core-2.27.0-cp313-none-win32.whl", hash = "sha256:678f66462058dd978702db17eb6a3633d634f7aa0deaea61e0a674152766d3fc"},
    {file = "pydantic_core-2.27.0-cp313-none-win_amd64.whl", hash = "sha256:d28ca7066d6cdd347a50d8b725dc10d9a1d6a1cce09836cf071ea6a2d4908be0"},
    {file = "pydantic_core-2.27.0-cp313-none-win_arm64.whl", hash = "sha256:6f4a53af9e81d757756508b57cae1cf28293f0f31b9fa2bfcb416cc7fb230f9d"},
    {file = "pydantic_core-2.27.0-cp38-cp38-macosx_10_12_x86_64.whl", hash = "sha256:e9f9feee7f334b72ceae46313333d002b56f325b5f04271b4ae2aadd9e993ae4"},
    {file = "pydantic_core-2.27.0-cp38-cp38-macosx_11_0_arm64.whl", hash = "sha256:225bfff5d425c34e1fd562cef52d673579d59b967d9de06178850c4802af9039"},
    {file = "pydantic_core-2.27.0-cp38-cp38-manylinux_2_17_aarch64.manylinux2014_aarch64.whl", hash = "sha256:c921ad596ff1a82f9c692b0758c944355abc9f0de97a4c13ca60ffc6d8dc15d4"},
    {file = "pydantic_core-2.27.0-cp38-cp38-manylinux_2_17_armv7l.manylinux2014_armv7l.whl", hash = "sha256:6354e18a9be37bfa124d6b288a87fb30c673745806c92956f1a25e3ae6e76b96"},
    {file = "pydantic_core-2.27.0-cp38-cp38-manylinux_2_17_ppc64le.manylinux2014_ppc64le.whl", hash = "sha256:8ee4c2a75af9fe21269a4a0898c5425afb01af1f5d276063f57e2ae1bc64e191"},
    {file = "pydantic_core-2.27.0-cp38-cp38-manylinux_2_17_s390x.manylinux2014_s390x.whl", hash = "sha256:c91e3c04f5191fd3fb68764bddeaf02025492d5d9f23343b283870f6ace69708"},
    {file = "pydantic_core-2.27.0-cp38-cp38-manylinux_2_17_x86_64.manylinux2014_x86_64.whl", hash = "sha256:7a6ebfac28fd51890a61df36ef202adbd77d00ee5aca4a3dadb3d9ed49cfb929"},
    {file = "pydantic_core-2.27.0-cp38-cp38-manylinux_2_5_i686.manylinux1_i686.whl", hash = "sha256:36aa167f69d8807ba7e341d67ea93e50fcaaf6bc433bb04939430fa3dab06f31"},
    {file = "pydantic_core-2.27.0-cp38-cp38-musllinux_1_1_aarch64.whl", hash = "sha256:3e8d89c276234579cd3d095d5fa2a44eb10db9a218664a17b56363cddf226ff3"},
    {file = "pydantic_core-2.27.0-cp38-cp38-musllinux_1_1_armv7l.whl", hash = "sha256:5cc822ab90a70ea3a91e6aed3afac570b276b1278c6909b1d384f745bd09c714"},
    {file = "pydantic_core-2.27.0-cp38-cp38-musllinux_1_1_x86_64.whl", hash = "sha256:e15315691fe2253eb447503153acef4d7223dfe7e7702f9ed66539fcd0c43801"},
    {file = "pydantic_core-2.27.0-cp38-none-win32.whl", hash = "sha256:dfa5f5c0a4c8fced1422dc2ca7eefd872d5d13eb33cf324361dbf1dbfba0a9fe"},
    {file = "pydantic_core-2.27.0-cp38-none-win_amd64.whl", hash = "sha256:513cb14c0cc31a4dfd849a4674b20c46d87b364f997bbcb02282306f5e187abf"},
    {file = "pydantic_core-2.27.0-cp39-cp39-macosx_10_12_x86_64.whl", hash = "sha256:4148dc9184ab79e356dc00a4199dc0ee8647973332cb385fc29a7cced49b9f9c"},
    {file = "pydantic_core-2.27.0-cp39-cp39-macosx_11_0_arm64.whl", hash = "sha256:5fc72fbfebbf42c0856a824b8b0dc2b5cd2e4a896050281a21cfa6fed8879cb1"},
    {file = "pydantic_core-2.27.0-cp39-cp39-manylinux_2_17_aarch64.manylinux2014_aarch64.whl", hash = "sha256:185ef205256cd8b38431205698531026979db89a79587725c1e55c59101d64e9"},
    {file = "pydantic_core-2.27.0-cp39-cp39-manylinux_2_17_armv7l.manylinux2014_armv7l.whl", hash = "sha256:395e3e1148fa7809016231f8065f30bb0dc285a97b4dc4360cd86e17bab58af7"},
    {file = "pydantic_core-2.27.0-cp39-cp39-manylinux_2_17_ppc64le.manylinux2014_ppc64le.whl", hash = "sha256:33d14369739c5d07e2e7102cdb0081a1fa46ed03215e07f097b34e020b83b1ae"},
    {file = "pydantic_core-2.27.0-cp39-cp39-manylinux_2_17_s390x.manylinux2014_s390x.whl", hash = "sha256:e7820bb0d65e3ce1e3e70b6708c2f66143f55912fa02f4b618d0f08b61575f12"},
    {file = "pydantic_core-2.27.0-cp39-cp39-manylinux_2_17_x86_64.manylinux2014_x86_64.whl", hash = "sha256:43b61989068de9ce62296cde02beffabcadb65672207fc51e7af76dca75e6636"},
    {file = "pydantic_core-2.27.0-cp39-cp39-manylinux_2_5_i686.manylinux1_i686.whl", hash = "sha256:15e350efb67b855cd014c218716feea4986a149ed1f42a539edd271ee074a196"},
    {file = "pydantic_core-2.27.0-cp39-cp39-musllinux_1_1_aarch64.whl", hash = "sha256:433689845288f9a1ee5714444e65957be26d30915f7745091ede4a83cfb2d7bb"},
    {file = "pydantic_core-2.27.0-cp39-cp39-musllinux_1_1_armv7l.whl", hash = "sha256:3fd8bc2690e7c39eecdf9071b6a889ce7b22b72073863940edc2a0a23750ca90"},
    {file = "pydantic_core-2.27.0-cp39-cp39-musllinux_1_1_x86_64.whl", hash = "sha256:884f1806609c2c66564082540cffc96868c5571c7c3cf3a783f63f2fb49bd3cd"},
    {file = "pydantic_core-2.27.0-cp39-none-win32.whl", hash = "sha256:bf37b72834e7239cf84d4a0b2c050e7f9e48bced97bad9bdf98d26b8eb72e846"},
    {file = "pydantic_core-2.27.0-cp39-none-win_amd64.whl", hash = "sha256:31a2cae5f059329f9cfe3d8d266d3da1543b60b60130d186d9b6a3c20a346361"},
    {file = "pydantic_core-2.27.0-pp310-pypy310_pp73-macosx_10_12_x86_64.whl", hash = "sha256:4fb49cfdb53af5041aba909be00cccfb2c0d0a2e09281bf542371c5fd36ad04c"},
    {file = "pydantic_core-2.27.0-pp310-pypy310_pp73-macosx_11_0_arm64.whl", hash = "sha256:49633583eb7dc5cba61aaf7cdb2e9e662323ad394e543ee77af265736bcd3eaa"},
    {file = "pydantic_core-2.27.0-pp310-pypy310_pp73-manylinux_2_17_aarch64.manylinux2014_aarch64.whl", hash = "sha256:153017e3d6cd3ce979de06d84343ca424bb6092727375eba1968c8b4693c6ecb"},
    {file = "pydantic_core-2.27.0-pp310-pypy310_pp73-manylinux_2_17_x86_64.manylinux2014_x86_64.whl", hash = "sha256:ff63a92f6e249514ef35bc795de10745be0226eaea06eb48b4bbeaa0c8850a4a"},
    {file = "pydantic_core-2.27.0-pp310-pypy310_pp73-manylinux_2_5_i686.manylinux1_i686.whl", hash = "sha256:5982048129f40b082c2654de10c0f37c67a14f5ff9d37cf35be028ae982f26df"},
    {file = "pydantic_core-2.27.0-pp310-pypy310_pp73-musllinux_1_1_aarch64.whl", hash = "sha256:91bc66f878557313c2a6bcf396e7befcffe5ab4354cfe4427318968af31143c3"},
    {file = "pydantic_core-2.27.0-pp310-pypy310_pp73-musllinux_1_1_armv7l.whl", hash = "sha256:68ef5377eb582fa4343c9d0b57a5b094046d447b4c73dd9fbd9ffb216f829e7d"},
    {file = "pydantic_core-2.27.0-pp310-pypy310_pp73-musllinux_1_1_x86_64.whl", hash = "sha256:c5726eec789ee38f2c53b10b1821457b82274f81f4f746bb1e666d8741fcfadb"},
    {file = "pydantic_core-2.27.0-pp310-pypy310_pp73-win_amd64.whl", hash = "sha256:c0c431e4be5c1a0c6654e0c31c661cd89e0ca956ef65305c3c3fd96f4e72ca39"},
    {file = "pydantic_core-2.27.0-pp39-pypy39_pp73-macosx_10_12_x86_64.whl", hash = "sha256:8e21d927469d04b39386255bf00d0feedead16f6253dcc85e9e10ddebc334084"},
    {file = "pydantic_core-2.27.0-pp39-pypy39_pp73-macosx_11_0_arm64.whl", hash = "sha256:4b51f964fcbb02949fc546022e56cdb16cda457af485e9a3e8b78ac2ecf5d77e"},
    {file = "pydantic_core-2.27.0-pp39-pypy39_pp73-manylinux_2_17_aarch64.manylinux2014_aarch64.whl", hash = "sha256:25a7fd4de38f7ff99a37e18fa0098c3140286451bc823d1746ba80cec5b433a1"},
    {file = "pydantic_core-2.27.0-pp39-pypy39_pp73-manylinux_2_17_x86_64.manylinux2014_x86_64.whl", hash = "sha256:6fda87808429c520a002a85d6e7cdadbf58231d60e96260976c5b8f9a12a8e13"},
    {file = "pydantic_core-2.27.0-pp39-pypy39_pp73-manylinux_2_5_i686.manylinux1_i686.whl", hash = "sha256:8a150392102c402c538190730fda06f3bce654fc498865579a9f2c1d2b425833"},
    {file = "pydantic_core-2.27.0-pp39-pypy39_pp73-musllinux_1_1_aarch64.whl", hash = "sha256:c9ed88b398ba7e3bad7bd64d66cc01dcde9cfcb7ec629a6fd78a82fa0b559d78"},
    {file = "pydantic_core-2.27.0-pp39-pypy39_pp73-musllinux_1_1_armv7l.whl", hash = "sha256:9fe94d9d2a2b4edd7a4b22adcd45814b1b59b03feb00e56deb2e89747aec7bfe"},
    {file = "pydantic_core-2.27.0-pp39-pypy39_pp73-musllinux_1_1_x86_64.whl", hash = "sha256:d8b5ee4ae9170e2775d495b81f414cc20268041c42571530513496ba61e94ba3"},
    {file = "pydantic_core-2.27.0-pp39-pypy39_pp73-win_amd64.whl", hash = "sha256:d29e235ce13c91902ef3efc3d883a677655b3908b1cbc73dee816e5e1f8f7739"},
    {file = "pydantic_core-2.27.0.tar.gz", hash = "sha256:f57783fbaf648205ac50ae7d646f27582fc706be3977e87c3c124e7a92407b10"},
]

[package.dependencies]
typing-extensions = ">=4.6.0,<4.7.0 || >4.7.0"

[[package]]
name = "pytest"
version = "7.4.4"
description = "pytest: simple powerful testing with Python"
optional = false
python-versions = ">=3.7"
files = [
    {file = "pytest-7.4.4-py3-none-any.whl", hash = "sha256:b090cdf5ed60bf4c45261be03239c2c1c22df034fbffe691abe93cd80cea01d8"},
    {file = "pytest-7.4.4.tar.gz", hash = "sha256:2cf0005922c6ace4a3e2ec8b4080eb0d9753fdc93107415332f50ce9e7994280"},
]

[package.dependencies]
colorama = {version = "*", markers = "sys_platform == \"win32\""}
exceptiongroup = {version = ">=1.0.0rc8", markers = "python_version < \"3.11\""}
iniconfig = "*"
packaging = "*"
pluggy = ">=0.12,<2.0"
tomli = {version = ">=1.0.0", markers = "python_version < \"3.11\""}

[package.extras]
testing = ["argcomplete", "attrs (>=19.2.0)", "hypothesis (>=3.56)", "mock", "nose", "pygments (>=2.7.2)", "requests", "setuptools", "xmlschema"]

[[package]]
name = "pytest-asyncio"
version = "0.23.8"
description = "Pytest support for asyncio"
optional = false
python-versions = ">=3.8"
files = [
    {file = "pytest_asyncio-0.23.8-py3-none-any.whl", hash = "sha256:50265d892689a5faefb84df80819d1ecef566eb3549cf915dfb33569359d1ce2"},
    {file = "pytest_asyncio-0.23.8.tar.gz", hash = "sha256:759b10b33a6dc61cce40a8bd5205e302978bbbcc00e279a8b61d9a6a3c82e4d3"},
]

[package.dependencies]
pytest = ">=7.0.0,<9"

[package.extras]
docs = ["sphinx (>=5.3)", "sphinx-rtd-theme (>=1.0)"]
testing = ["coverage (>=6.2)", "hypothesis (>=5.7.1)"]

[[package]]
name = "python-dateutil"
version = "2.9.0.post0"
description = "Extensions to the standard Python datetime module"
optional = false
python-versions = "!=3.0.*,!=3.1.*,!=3.2.*,>=2.7"
files = [
    {file = "python-dateutil-2.9.0.post0.tar.gz", hash = "sha256:37dd54208da7e1cd875388217d5e00ebd4179249f90fb72437e91a35459a0ad3"},
    {file = "python_dateutil-2.9.0.post0-py2.py3-none-any.whl", hash = "sha256:a8b2bc7bffae282281c8140a97d3aa9c14da0b136dfe83f850eea9a5f7470427"},
]

[package.dependencies]
six = ">=1.5"

[[package]]
name = "pyyaml"
version = "6.0.2"
description = "YAML parser and emitter for Python"
optional = false
python-versions = ">=3.8"
files = [
    {file = "PyYAML-6.0.2-cp310-cp310-macosx_10_9_x86_64.whl", hash = "sha256:0a9a2848a5b7feac301353437eb7d5957887edbf81d56e903999a75a3d743086"},
    {file = "PyYAML-6.0.2-cp310-cp310-macosx_11_0_arm64.whl", hash = "sha256:29717114e51c84ddfba879543fb232a6ed60086602313ca38cce623c1d62cfbf"},
    {file = "PyYAML-6.0.2-cp310-cp310-manylinux_2_17_aarch64.manylinux2014_aarch64.whl", hash = "sha256:8824b5a04a04a047e72eea5cec3bc266db09e35de6bdfe34c9436ac5ee27d237"},
    {file = "PyYAML-6.0.2-cp310-cp310-manylinux_2_17_s390x.manylinux2014_s390x.whl", hash = "sha256:7c36280e6fb8385e520936c3cb3b8042851904eba0e58d277dca80a5cfed590b"},
    {file = "PyYAML-6.0.2-cp310-cp310-manylinux_2_17_x86_64.manylinux2014_x86_64.whl", hash = "sha256:ec031d5d2feb36d1d1a24380e4db6d43695f3748343d99434e6f5f9156aaa2ed"},
    {file = "PyYAML-6.0.2-cp310-cp310-musllinux_1_1_aarch64.whl", hash = "sha256:936d68689298c36b53b29f23c6dbb74de12b4ac12ca6cfe0e047bedceea56180"},
    {file = "PyYAML-6.0.2-cp310-cp310-musllinux_1_1_x86_64.whl", hash = "sha256:23502f431948090f597378482b4812b0caae32c22213aecf3b55325e049a6c68"},
    {file = "PyYAML-6.0.2-cp310-cp310-win32.whl", hash = "sha256:2e99c6826ffa974fe6e27cdb5ed0021786b03fc98e5ee3c5bfe1fd5015f42b99"},
    {file = "PyYAML-6.0.2-cp310-cp310-win_amd64.whl", hash = "sha256:a4d3091415f010369ae4ed1fc6b79def9416358877534caf6a0fdd2146c87a3e"},
    {file = "PyYAML-6.0.2-cp311-cp311-macosx_10_9_x86_64.whl", hash = "sha256:cc1c1159b3d456576af7a3e4d1ba7e6924cb39de8f67111c735f6fc832082774"},
    {file = "PyYAML-6.0.2-cp311-cp311-macosx_11_0_arm64.whl", hash = "sha256:1e2120ef853f59c7419231f3bf4e7021f1b936f6ebd222406c3b60212205d2ee"},
    {file = "PyYAML-6.0.2-cp311-cp311-manylinux_2_17_aarch64.manylinux2014_aarch64.whl", hash = "sha256:5d225db5a45f21e78dd9358e58a98702a0302f2659a3c6cd320564b75b86f47c"},
    {file = "PyYAML-6.0.2-cp311-cp311-manylinux_2_17_s390x.manylinux2014_s390x.whl", hash = "sha256:5ac9328ec4831237bec75defaf839f7d4564be1e6b25ac710bd1a96321cc8317"},
    {file = "PyYAML-6.0.2-cp311-cp311-manylinux_2_17_x86_64.manylinux2014_x86_64.whl", hash = "sha256:3ad2a3decf9aaba3d29c8f537ac4b243e36bef957511b4766cb0057d32b0be85"},
    {file = "PyYAML-6.0.2-cp311-cp311-musllinux_1_1_aarch64.whl", hash = "sha256:ff3824dc5261f50c9b0dfb3be22b4567a6f938ccce4587b38952d85fd9e9afe4"},
    {file = "PyYAML-6.0.2-cp311-cp311-musllinux_1_1_x86_64.whl", hash = "sha256:797b4f722ffa07cc8d62053e4cff1486fa6dc094105d13fea7b1de7d8bf71c9e"},
    {file = "PyYAML-6.0.2-cp311-cp311-win32.whl", hash = "sha256:11d8f3dd2b9c1207dcaf2ee0bbbfd5991f571186ec9cc78427ba5bd32afae4b5"},
    {file = "PyYAML-6.0.2-cp311-cp311-win_amd64.whl", hash = "sha256:e10ce637b18caea04431ce14fabcf5c64a1c61ec9c56b071a4b7ca131ca52d44"},
    {file = "PyYAML-6.0.2-cp312-cp312-macosx_10_9_x86_64.whl", hash = "sha256:c70c95198c015b85feafc136515252a261a84561b7b1d51e3384e0655ddf25ab"},
    {file = "PyYAML-6.0.2-cp312-cp312-macosx_11_0_arm64.whl", hash = "sha256:ce826d6ef20b1bc864f0a68340c8b3287705cae2f8b4b1d932177dcc76721725"},
    {file = "PyYAML-6.0.2-cp312-cp312-manylinux_2_17_aarch64.manylinux2014_aarch64.whl", hash = "sha256:1f71ea527786de97d1a0cc0eacd1defc0985dcf6b3f17bb77dcfc8c34bec4dc5"},
    {file = "PyYAML-6.0.2-cp312-cp312-manylinux_2_17_s390x.manylinux2014_s390x.whl", hash = "sha256:9b22676e8097e9e22e36d6b7bda33190d0d400f345f23d4065d48f4ca7ae0425"},
    {file = "PyYAML-6.0.2-cp312-cp312-manylinux_2_17_x86_64.manylinux2014_x86_64.whl", hash = "sha256:80bab7bfc629882493af4aa31a4cfa43a4c57c83813253626916b8c7ada83476"},
    {file = "PyYAML-6.0.2-cp312-cp312-musllinux_1_1_aarch64.whl", hash = "sha256:0833f8694549e586547b576dcfaba4a6b55b9e96098b36cdc7ebefe667dfed48"},
    {file = "PyYAML-6.0.2-cp312-cp312-musllinux_1_1_x86_64.whl", hash = "sha256:8b9c7197f7cb2738065c481a0461e50ad02f18c78cd75775628afb4d7137fb3b"},
    {file = "PyYAML-6.0.2-cp312-cp312-win32.whl", hash = "sha256:ef6107725bd54b262d6dedcc2af448a266975032bc85ef0172c5f059da6325b4"},
    {file = "PyYAML-6.0.2-cp312-cp312-win_amd64.whl", hash = "sha256:7e7401d0de89a9a855c839bc697c079a4af81cf878373abd7dc625847d25cbd8"},
    {file = "PyYAML-6.0.2-cp313-cp313-macosx_10_13_x86_64.whl", hash = "sha256:efdca5630322a10774e8e98e1af481aad470dd62c3170801852d752aa7a783ba"},
    {file = "PyYAML-6.0.2-cp313-cp313-macosx_11_0_arm64.whl", hash = "sha256:50187695423ffe49e2deacb8cd10510bc361faac997de9efef88badc3bb9e2d1"},
    {file = "PyYAML-6.0.2-cp313-cp313-manylinux_2_17_aarch64.manylinux2014_aarch64.whl", hash = "sha256:0ffe8360bab4910ef1b9e87fb812d8bc0a308b0d0eef8c8f44e0254ab3b07133"},
    {file = "PyYAML-6.0.2-cp313-cp313-manylinux_2_17_s390x.manylinux2014_s390x.whl", hash = "sha256:17e311b6c678207928d649faa7cb0d7b4c26a0ba73d41e99c4fff6b6c3276484"},
    {file = "PyYAML-6.0.2-cp313-cp313-manylinux_2_17_x86_64.manylinux2014_x86_64.whl", hash = "sha256:70b189594dbe54f75ab3a1acec5f1e3faa7e8cf2f1e08d9b561cb41b845f69d5"},
    {file = "PyYAML-6.0.2-cp313-cp313-musllinux_1_1_aarch64.whl", hash = "sha256:41e4e3953a79407c794916fa277a82531dd93aad34e29c2a514c2c0c5fe971cc"},
    {file = "PyYAML-6.0.2-cp313-cp313-musllinux_1_1_x86_64.whl", hash = "sha256:68ccc6023a3400877818152ad9a1033e3db8625d899c72eacb5a668902e4d652"},
    {file = "PyYAML-6.0.2-cp313-cp313-win32.whl", hash = "sha256:bc2fa7c6b47d6bc618dd7fb02ef6fdedb1090ec036abab80d4681424b84c1183"},
    {file = "PyYAML-6.0.2-cp313-cp313-win_amd64.whl", hash = "sha256:8388ee1976c416731879ac16da0aff3f63b286ffdd57cdeb95f3f2e085687563"},
    {file = "PyYAML-6.0.2-cp38-cp38-macosx_10_9_x86_64.whl", hash = "sha256:24471b829b3bf607e04e88d79542a9d48bb037c2267d7927a874e6c205ca7e9a"},
    {file = "PyYAML-6.0.2-cp38-cp38-manylinux_2_17_aarch64.manylinux2014_aarch64.whl", hash = "sha256:d7fded462629cfa4b685c5416b949ebad6cec74af5e2d42905d41e257e0869f5"},
    {file = "PyYAML-6.0.2-cp38-cp38-manylinux_2_17_s390x.manylinux2014_s390x.whl", hash = "sha256:d84a1718ee396f54f3a086ea0a66d8e552b2ab2017ef8b420e92edbc841c352d"},
    {file = "PyYAML-6.0.2-cp38-cp38-manylinux_2_17_x86_64.manylinux2014_x86_64.whl", hash = "sha256:9056c1ecd25795207ad294bcf39f2db3d845767be0ea6e6a34d856f006006083"},
    {file = "PyYAML-6.0.2-cp38-cp38-musllinux_1_1_x86_64.whl", hash = "sha256:82d09873e40955485746739bcb8b4586983670466c23382c19cffecbf1fd8706"},
    {file = "PyYAML-6.0.2-cp38-cp38-win32.whl", hash = "sha256:43fa96a3ca0d6b1812e01ced1044a003533c47f6ee8aca31724f78e93ccc089a"},
    {file = "PyYAML-6.0.2-cp38-cp38-win_amd64.whl", hash = "sha256:01179a4a8559ab5de078078f37e5c1a30d76bb88519906844fd7bdea1b7729ff"},
    {file = "PyYAML-6.0.2-cp39-cp39-macosx_10_9_x86_64.whl", hash = "sha256:688ba32a1cffef67fd2e9398a2efebaea461578b0923624778664cc1c914db5d"},
    {file = "PyYAML-6.0.2-cp39-cp39-macosx_11_0_arm64.whl", hash = "sha256:a8786accb172bd8afb8be14490a16625cbc387036876ab6ba70912730faf8e1f"},
    {file = "PyYAML-6.0.2-cp39-cp39-manylinux_2_17_aarch64.manylinux2014_aarch64.whl", hash = "sha256:d8e03406cac8513435335dbab54c0d385e4a49e4945d2909a581c83647ca0290"},
    {file = "PyYAML-6.0.2-cp39-cp39-manylinux_2_17_s390x.manylinux2014_s390x.whl", hash = "sha256:f753120cb8181e736c57ef7636e83f31b9c0d1722c516f7e86cf15b7aa57ff12"},
    {file = "PyYAML-6.0.2-cp39-cp39-manylinux_2_17_x86_64.manylinux2014_x86_64.whl", hash = "sha256:3b1fdb9dc17f5a7677423d508ab4f243a726dea51fa5e70992e59a7411c89d19"},
    {file = "PyYAML-6.0.2-cp39-cp39-musllinux_1_1_aarch64.whl", hash = "sha256:0b69e4ce7a131fe56b7e4d770c67429700908fc0752af059838b1cfb41960e4e"},
    {file = "PyYAML-6.0.2-cp39-cp39-musllinux_1_1_x86_64.whl", hash = "sha256:a9f8c2e67970f13b16084e04f134610fd1d374bf477b17ec1599185cf611d725"},
    {file = "PyYAML-6.0.2-cp39-cp39-win32.whl", hash = "sha256:6395c297d42274772abc367baaa79683958044e5d3835486c16da75d2a694631"},
    {file = "PyYAML-6.0.2-cp39-cp39-win_amd64.whl", hash = "sha256:39693e1f8320ae4f43943590b49779ffb98acb81f788220ea932a6b6c51004d8"},
    {file = "pyyaml-6.0.2.tar.gz", hash = "sha256:d584d9ec91ad65861cc08d42e834324ef890a082e591037abe114850ff7bbc3e"},
]

[[package]]
name = "ruff"
version = "0.5.7"
description = "An extremely fast Python linter and code formatter, written in Rust."
optional = false
python-versions = ">=3.7"
files = [
    {file = "ruff-0.5.7-py3-none-linux_armv6l.whl", hash = "sha256:548992d342fc404ee2e15a242cdbea4f8e39a52f2e7752d0e4cbe88d2d2f416a"},
    {file = "ruff-0.5.7-py3-none-macosx_10_12_x86_64.whl", hash = "sha256:00cc8872331055ee017c4f1071a8a31ca0809ccc0657da1d154a1d2abac5c0be"},
    {file = "ruff-0.5.7-py3-none-macosx_11_0_arm64.whl", hash = "sha256:eaf3d86a1fdac1aec8a3417a63587d93f906c678bb9ed0b796da7b59c1114a1e"},
    {file = "ruff-0.5.7-py3-none-manylinux_2_17_aarch64.manylinux2014_aarch64.whl", hash = "sha256:a01c34400097b06cf8a6e61b35d6d456d5bd1ae6961542de18ec81eaf33b4cb8"},
    {file = "ruff-0.5.7-py3-none-manylinux_2_17_armv7l.manylinux2014_armv7l.whl", hash = "sha256:fcc8054f1a717e2213500edaddcf1dbb0abad40d98e1bd9d0ad364f75c763eea"},
    {file = "ruff-0.5.7-py3-none-manylinux_2_17_i686.manylinux2014_i686.whl", hash = "sha256:7f70284e73f36558ef51602254451e50dd6cc479f8b6f8413a95fcb5db4a55fc"},
    {file = "ruff-0.5.7-py3-none-manylinux_2_17_ppc64.manylinux2014_ppc64.whl", hash = "sha256:a78ad870ae3c460394fc95437d43deb5c04b5c29297815a2a1de028903f19692"},
    {file = "ruff-0.5.7-py3-none-manylinux_2_17_ppc64le.manylinux2014_ppc64le.whl", hash = "sha256:9ccd078c66a8e419475174bfe60a69adb36ce04f8d4e91b006f1329d5cd44bcf"},
    {file = "ruff-0.5.7-py3-none-manylinux_2_17_s390x.manylinux2014_s390x.whl", hash = "sha256:7e31c9bad4ebf8fdb77b59cae75814440731060a09a0e0077d559a556453acbb"},
    {file = "ruff-0.5.7-py3-none-manylinux_2_17_x86_64.manylinux2014_x86_64.whl", hash = "sha256:8d796327eed8e168164346b769dd9a27a70e0298d667b4ecee6877ce8095ec8e"},
    {file = "ruff-0.5.7-py3-none-musllinux_1_2_aarch64.whl", hash = "sha256:4a09ea2c3f7778cc635e7f6edf57d566a8ee8f485f3c4454db7771efb692c499"},
    {file = "ruff-0.5.7-py3-none-musllinux_1_2_armv7l.whl", hash = "sha256:a36d8dcf55b3a3bc353270d544fb170d75d2dff41eba5df57b4e0b67a95bb64e"},
    {file = "ruff-0.5.7-py3-none-musllinux_1_2_i686.whl", hash = "sha256:9369c218f789eefbd1b8d82a8cf25017b523ac47d96b2f531eba73770971c9e5"},
    {file = "ruff-0.5.7-py3-none-musllinux_1_2_x86_64.whl", hash = "sha256:b88ca3db7eb377eb24fb7c82840546fb7acef75af4a74bd36e9ceb37a890257e"},
    {file = "ruff-0.5.7-py3-none-win32.whl", hash = "sha256:33d61fc0e902198a3e55719f4be6b375b28f860b09c281e4bdbf783c0566576a"},
    {file = "ruff-0.5.7-py3-none-win_amd64.whl", hash = "sha256:083bbcbe6fadb93cd86709037acc510f86eed5a314203079df174c40bbbca6b3"},
    {file = "ruff-0.5.7-py3-none-win_arm64.whl", hash = "sha256:2dca26154ff9571995107221d0aeaad0e75a77b5a682d6236cf89a58c70b76f4"},
    {file = "ruff-0.5.7.tar.gz", hash = "sha256:8dfc0a458797f5d9fb622dd0efc52d796f23f0a1493a9527f4e49a550ae9a7e5"},
]

[[package]]
name = "six"
version = "1.16.0"
description = "Python 2 and 3 compatibility utilities"
optional = false
python-versions = ">=2.7, !=3.0.*, !=3.1.*, !=3.2.*"
files = [
    {file = "six-1.16.0-py2.py3-none-any.whl", hash = "sha256:8abb2f1d86890a2dfb989f9a77cfcfd3e47c2a354b01111771326f8aa26e0254"},
    {file = "six-1.16.0.tar.gz", hash = "sha256:1e61c37477a1626458e36f7b1d82aa5c9b094fa4802892072e49de9c60c4c926"},
]

[[package]]
name = "sniffio"
version = "1.3.1"
description = "Sniff out which async library your code is running under"
optional = false
python-versions = ">=3.7"
files = [
    {file = "sniffio-1.3.1-py3-none-any.whl", hash = "sha256:2f6da418d1f1e0fddd844478f41680e794e6051915791a034ff65e5f100525a2"},
    {file = "sniffio-1.3.1.tar.gz", hash = "sha256:f4324edc670a0f49750a81b895f35c3adb843cca46f0530f79fc1babb23789dc"},
]

[[package]]
name = "tomli"
version = "2.1.0"
description = "A lil' TOML parser"
optional = false
python-versions = ">=3.8"
files = [
    {file = "tomli-2.1.0-py3-none-any.whl", hash = "sha256:a5c57c3d1c56f5ccdf89f6523458f60ef716e210fc47c4cfb188c5ba473e0391"},
    {file = "tomli-2.1.0.tar.gz", hash = "sha256:3f646cae2aec94e17d04973e4249548320197cfabdf130015d023de4b74d8ab8"},
]

[[package]]
name = "types-python-dateutil"
version = "2.9.0.20241003"
description = "Typing stubs for python-dateutil"
optional = false
python-versions = ">=3.8"
files = [
    {file = "types-python-dateutil-2.9.0.20241003.tar.gz", hash = "sha256:58cb85449b2a56d6684e41aeefb4c4280631246a0da1a719bdbe6f3fb0317446"},
    {file = "types_python_dateutil-2.9.0.20241003-py3-none-any.whl", hash = "sha256:250e1d8e80e7bbc3a6c99b907762711d1a1cdd00e978ad39cb5940f6f0a87f3d"},
]

[[package]]
name = "types-pyyaml"
version = "6.0.2"
description = "Typing stubs for PyYAML"
optional = false
python-versions = "*"
files = [
    {file = "types-PyYAML-6.0.2.tar.gz", hash = "sha256:86b1d13eed3a9841264376dae0fc3168b0b593a162a64effeba066efd7198572"},
    {file = "types_PyYAML-6.0.2-py3-none-any.whl", hash = "sha256:87f2c64e4b2de3e134dce991f920f5c9ae2cbe06ec43f21e2866cc90b920230b"},
]

[[package]]
name = "typing-extensions"
version = "4.12.2"
description = "Backported and Experimental Type Hints for Python 3.8+"
optional = false
python-versions = ">=3.8"
files = [
    {file = "typing_extensions-4.12.2-py3-none-any.whl", hash = "sha256:04e5ca0351e0f3f85c6853954072df659d0d13fac324d0072316b67d7794700d"},
    {file = "typing_extensions-4.12.2.tar.gz", hash = "sha256:1a7ead55c7e559dd4dee8856e3a88b41225abfe1ce8df57b7c13915fe121ffb8"},
]

[metadata]
lock-version = "2.0"
python-versions = "^3.8"
content-hash = "5b7b4ffb565a0c697e7bb8a94d3facab68a75f50bf298682266a2f61c1f3d46c"
